
Microsoft Visual Studio Solution File, Format Version 12.00
# Visual Studio Version 16
VisualStudioVersion = 16.0.30621.155
MinimumVisualStudioVersion = 10.0.40219.1
Project("{FAE04EC0-301F-11D3-BF4B-00C04F79EFBC}") = "Dac_Ta_Hinh_Thuc", "Dac_Ta_Hinh_Thuc\Dac_Ta_Hinh_Thuc.csproj", "{231EB0F3-CBD2-466A-8AC8-34AECDC5465D}"
EndProject
Global
	GlobalSection(SolutionConfigurationPlatforms) = preSolution
		Debug|Any CPU = Debug|Any CPU
		Release|Any CPU = Release|Any CPU
	EndGlobalSection
	GlobalSection(ProjectConfigurationPlatforms) = postSolution
		{231EB0F3-CBD2-466A-8AC8-34AECDC5465D}.Debug|Any CPU.ActiveCfg = Debug|Any CPU
		{231EB0F3-CBD2-466A-8AC8-34AECDC5465D}.Debug|Any CPU.Build.0 = Debug|Any CPU
		{231EB0F3-CBD2-466A-8AC8-34AECDC5465D}.Release|Any CPU.ActiveCfg = Release|Any CPU
		{231EB0F3-CBD2-466A-8AC8-34AECDC5465D}.Release|Any CPU.Build.0 = Release|Any CPU
	EndGlobalSection
	GlobalSection(SolutionProperties) = preSolution
		HideSolutionNode = FALSE
	EndGlobalSection
	GlobalSection(ExtensibilityGlobals) = postSolution
		SolutionGuid = {D3B21C40-3E6C-4050-BE2F-3EE67039C5BD}
	EndGlobalSection
EndGlobal
